
Microsoft Visual Studio Solution File, Format Version 12.00
# Visual Studio 2013
VisualStudioVersion = 12.0.21005.1
MinimumVisualStudioVersion = 10.0.40219.1
Project("{FAE04EC0-301F-11D3-BF4B-00C04F79EFBC}") = "ShoppingCart.Domain", "ShoppingCart.Domain\ShoppingCart.Domain.csproj", "{C066AC12-890E-476F-8BA9-A8116190D62F}"
EndProject
Project("{FAE04EC0-301F-11D3-BF4B-00C04F79EFBC}") = "ShoppingCart.UnitTests", "ShoppingCart.UnitTests\ShoppingCart.UnitTests.csproj", "{E95E8243-38D5-4684-BA9F-06B8E67AF979}"
EndProject
Project("{FAE04EC0-301F-11D3-BF4B-00C04F79EFBC}") = "ShoppingCart.UI", "ShoppingCart.UI\ShoppingCart.UI.csproj", "{DE8BDD8F-FAFB-43B6-AE52-08F5F7560621}"
EndProject
Project("{FAE04EC0-301F-11D3-BF4B-00C04F79EFBC}") = "ShoppingCart.Data", "ShoppingCart.Data\ShoppingCart.Data.csproj", "{8BA740F2-E47B-48B1-BF04-5CCEFF1ED5DF}"
EndProject
Project("{FAE04EC0-301F-11D3-BF4B-00C04F79EFBC}") = "ShoppingCart.Service", "ShoppingCart.Service\ShoppingCart.Service.csproj", "{6B47A4F5-C948-4CB9-AE92-BD0E054F238B}"
	ProjectSection(ProjectDependencies) = postProject
		{8BA740F2-E47B-48B1-BF04-5CCEFF1ED5DF} = {8BA740F2-E47B-48B1-BF04-5CCEFF1ED5DF}
	EndProjectSection
EndProject
Project("{2150E333-8FDC-42A3-9474-1A3956D46DE8}") = "Unused", "Unused", "{F3821A69-6CF5-471C-9764-19176290F4CD}"
EndProject
Project("{FAE04EC0-301F-11D3-BF4B-00C04F79EFBC}") = "ShoppingCart.AdminUI", "ShoppingCart.AdminUI\ShoppingCart.AdminUI.csproj", "{9B7B7598-E2A0-4F3F-A64F-4447215284D1}"
EndProject
Global
	GlobalSection(SolutionConfigurationPlatforms) = preSolution
		Debug|Any CPU = Debug|Any CPU
		Release|Any CPU = Release|Any CPU
	EndGlobalSection
	GlobalSection(ProjectConfigurationPlatforms) = postSolution
		{C066AC12-890E-476F-8BA9-A8116190D62F}.Debug|Any CPU.ActiveCfg = Debug|Any CPU
		{C066AC12-890E-476F-8BA9-A8116190D62F}.Debug|Any CPU.Build.0 = Debug|Any CPU
		{C066AC12-890E-476F-8BA9-A8116190D62F}.Release|Any CPU.ActiveCfg = Release|Any CPU
		{C066AC12-890E-476F-8BA9-A8116190D62F}.Release|Any CPU.Build.0 = Release|Any CPU
		{E95E8243-38D5-4684-BA9F-06B8E67AF979}.Debug|Any CPU.ActiveCfg = Debug|Any CPU
		{E95E8243-38D5-4684-BA9F-06B8E67AF979}.Debug|Any CPU.Build.0 = Debug|Any CPU
		{E95E8243-38D5-4684-BA9F-06B8E67AF979}.Release|Any CPU.ActiveCfg = Release|Any CPU
		{E95E8243-38D5-4684-BA9F-06B8E67AF979}.Release|Any CPU.Build.0 = Release|Any CPU
		{DE8BDD8F-FAFB-43B6-AE52-08F5F7560621}.Debug|Any CPU.ActiveCfg = Debug|Any CPU
		{DE8BDD8F-FAFB-43B6-AE52-08F5F7560621}.Debug|Any CPU.Build.0 = Debug|Any CPU
		{DE8BDD8F-FAFB-43B6-AE52-08F5F7560621}.Release|Any CPU.ActiveCfg = Release|Any CPU
		{DE8BDD8F-FAFB-43B6-AE52-08F5F7560621}.Release|Any CPU.Build.0 = Release|Any CPU
		{8BA740F2-E47B-48B1-BF04-5CCEFF1ED5DF}.Debug|Any CPU.ActiveCfg = Debug|Any CPU
		{8BA740F2-E47B-48B1-BF04-5CCEFF1ED5DF}.Debug|Any CPU.Build.0 = Debug|Any CPU
		{8BA740F2-E47B-48B1-BF04-5CCEFF1ED5DF}.Release|Any CPU.ActiveCfg = Release|Any CPU
		{8BA740F2-E47B-48B1-BF04-5CCEFF1ED5DF}.Release|Any CPU.Build.0 = Release|Any CPU
		{6B47A4F5-C948-4CB9-AE92-BD0E054F238B}.Debug|Any CPU.ActiveCfg = Debug|Any CPU
		{6B47A4F5-C948-4CB9-AE92-BD0E054F238B}.Debug|Any CPU.Build.0 = Debug|Any CPU
		{6B47A4F5-C948-4CB9-AE92-BD0E054F238B}.Release|Any CPU.ActiveCfg = Release|Any CPU
		{6B47A4F5-C948-4CB9-AE92-BD0E054F238B}.Release|Any CPU.Build.0 = Release|Any CPU
		{9B7B7598-E2A0-4F3F-A64F-4447215284D1}.Debug|Any CPU.ActiveCfg = Debug|Any CPU
		{9B7B7598-E2A0-4F3F-A64F-4447215284D1}.Debug|Any CPU.Build.0 = Debug|Any CPU
		{9B7B7598-E2A0-4F3F-A64F-4447215284D1}.Release|Any CPU.ActiveCfg = Release|Any CPU
		{9B7B7598-E2A0-4F3F-A64F-4447215284D1}.Release|Any CPU.Build.0 = Release|Any CPU
	EndGlobalSection
	GlobalSection(SolutionProperties) = preSolution
		HideSolutionNode = FALSE
	EndGlobalSection
	GlobalSection(NestedProjects) = preSolution
		{E95E8243-38D5-4684-BA9F-06B8E67AF979} = {F3821A69-6CF5-471C-9764-19176290F4CD}
		{C066AC12-890E-476F-8BA9-A8116190D62F} = {F3821A69-6CF5-471C-9764-19176290F4CD}
	EndGlobalSection
EndGlobal
